
Microsoft Visual Studio Solution File, Format Version 12.00
# Visual Studio Version 16
VisualStudioVersion = 16.0.29728.190
MinimumVisualStudioVersion = 10.0.40219.1
Project("{FAE04EC0-301F-11D3-BF4B-00C04F79EFBC}") = "pharmacymvc", "pharmacymvc\pharmacymvc.csproj", "{F86CBE78-4F85-4E33-944E-744FC263B320}"
EndProject
Global
	GlobalSection(SolutionConfigurationPlatforms) = preSolution
		Debug|Any CPU = Debug|Any CPU
		Release|Any CPU = Release|Any CPU
	EndGlobalSection
	GlobalSection(ProjectConfigurationPlatforms) = postSolution
		{F86CBE78-4F85-4E33-944E-744FC263B320}.Debug|Any CPU.ActiveCfg = Debug|Any CPU
		{F86CBE78-4F85-4E33-944E-744FC263B320}.Debug|Any CPU.Build.0 = Debug|Any CPU
		{F86CBE78-4F85-4E33-944E-744FC263B320}.Release|Any CPU.ActiveCfg = Release|Any CPU
		{F86CBE78-4F85-4E33-944E-744FC263B320}.Release|Any CPU.Build.0 = Release|Any CPU
	EndGlobalSection
	GlobalSection(SolutionProperties) = preSolution
		HideSolutionNode = FALSE
	EndGlobalSection
	GlobalSection(ExtensibilityGlobals) = postSolution
		SolutionGuid = {A68D9B6F-C9CA-42CD-A4B2-CDEE8804CF8F}
	EndGlobalSection
EndGlobal
